{
  "version": "5",
  "specifiers": {
    "npm:@actions/core@^1.11.1": "1.11.1",
    "npm:@actions/tool-cache@^2.0.2": "2.0.2",
    "npm:@types/node@*": "22.15.15",
    "npm:@types/node@^22.15.0": "22.15.17",
    "npm:@types/semver@^7.7.0": "7.7.0",
    "npm:semver@^7.7.1": "7.7.1",
    "npm:tsdown@0.10.1": "0.10.1_rolldown@1.0.0-beta.8-commit.852c603__valibot@1.0.0",
    "npm:undici@^7.8.0": "7.9.0"
  },
  "npm": {
    "@actions/core@1.11.1": {
      "integrity": "sha512-hXJCSrkwfA46Vd9Z3q4cpEpHB1rL5NG04+/rbqW9d3+CSvtB1tYe8UTpAlixa1vj0m/ULglfEK2UKxMGxCxv5A==",
      "dependencies": [
        "@actions/exec",
        "@actions/http-client"
      ]
    },
    "@actions/exec@1.1.1": {
      "integrity": "sha512-+sCcHHbVdk93a0XT19ECtO/gIXoxvdsgQLzb2fE2/5sIZmWQuluYyjPQtrtTHdU1YzTZ7bAPN4sITq2xi1679w==",
      "dependencies": [
        "@actions/io"
      ]
    },
    "@actions/http-client@2.2.3": {
      "integrity": "sha512-mx8hyJi/hjFvbPokCg4uRd4ZX78t+YyRPtnKWwIl+RzNaVuFpQHfmlGVfsKEJN8LwTCvL+DfVgAM04XaHkm6bA==",
      "dependencies": [
        "tunnel",
        "undici@5.29.0"
      ]
    },
    "@actions/io@1.1.3": {
      "integrity": "sha512-wi9JjgKLYS7U/z8PPbco+PvTb/nRWjeoFlJ1Qer83k/3C5PHQi28hiVdeE2kHXmIL99mQFawx8qt/JPjZilJ8Q=="
    },
    "@actions/tool-cache@2.0.2": {
      "integrity": "sha512-fBhNNOWxuoLxztQebpOaWu6WeVmuwa77Z+DxIZ1B+OYvGkGQon6kTVg6Z32Cb13WCuw0szqonK+hh03mJV7Z6w==",
      "dependencies": [
        "@actions/core",
        "@actions/exec",
        "@actions/http-client",
        "@actions/io",
        "semver@6.3.1"
      ]
    },
    "@babel/generator@7.27.1": {
      "integrity": "sha512-UnJfnIpc/+JO0/+KRVQNGU+y5taA5vCbwN8+azkX6beii/ZF+enZJSOKo11ZSzGJjlNfJHfQtmQT8H+9TXPG2w==",
      "dependencies": [
        "@babel/parser",
        "@babel/types",
        "@jridgewell/gen-mapping",
        "@jridgewell/trace-mapping",
        "jsesc"
      ]
    },
    "@babel/helper-string-parser@7.27.1": {
      "integrity": "sha512-qMlSxKbpRlAridDExk92nSobyDdpPijUq2DW6oDnUqd0iOGxmQjyqhMIihI9+zv4LPyZdRje2cavWPbCbWm3eA=="
    },
    "@babel/helper-validator-identifier@7.27.1": {
      "integrity": "sha512-D2hP9eA+Sqx1kBZgzxZh0y1trbuU+JoDkiEwqhQ36nodYqJwyEIhPSdMNd7lOm/4io72luTPWH20Yda0xOuUow=="
    },
    "@babel/parser@7.27.2": {
      "integrity": "sha512-QYLs8299NA7WM/bZAdp+CviYYkVoYXlDW2rzliy3chxd1PQjej7JORuMJDJXJUb9g0TT+B99EwaVLKmX+sPXWw==",
      "dependencies": [
        "@babel/types"
      ],
      "bin": true
    },
    "@babel/types@7.27.1": {
      "integrity": "sha512-+EzkxvLNfiUeKMgy/3luqfsCWFRXLb7U6wNQTk60tovuckwB15B191tJWvpp4HjiQWdJkCxO3Wbvc6jlk3Xb2Q==",
      "dependencies": [
        "@babel/helper-string-parser",
        "@babel/helper-validator-identifier"
      ]
    },
    "@emnapi/core@1.4.3": {
      "integrity": "sha512-4m62DuCE07lw01soJwPiBGC0nAww0Q+RY70VZ+n49yDIO13yyinhbWCeNnaob0lakDtWQzSdtNWzJeOJt2ma+g==",
      "dependencies": [
        "@emnapi/wasi-threads",
        "tslib"
      ]
    },
    "@emnapi/runtime@1.4.3": {
      "integrity": "sha512-pBPWdu6MLKROBX05wSNKcNb++m5Er+KQ9QkB+WVM+pW2Kx9hoSrVTnu3BdkI5eBLZoKu/J6mW/B6i6bJB2ytXQ==",
      "dependencies": [
        "tslib"
      ]
    },
    "@emnapi/wasi-threads@1.0.2": {
      "integrity": "sha512-5n3nTJblwRi8LlXkJ9eBzu+kZR8Yxcc7ubakyQTFzPMtIhFpUBRbsnc2Dv88IZDIbCDlBiWrknhB4Lsz7mg6BA==",
      "dependencies": [
        "tslib"
      ]
    },
    "@fastify/busboy@2.1.1": {
      "integrity": "sha512-vBZP4NlzfOlerQTnba4aqZoMhE/a9HY7HRqoOPaETQcSQuWEIyZMHGfVu6w9wGtGK5fED5qRs2DteVCjOH60sA=="
    },
    "@jridgewell/gen-mapping@0.3.8": {
      "integrity": "sha512-imAbBGkb+ebQyxKgzv5Hu2nmROxoDOXHh80evxdoXNOrvAnVx7zimzc1Oo5h9RlfV4vPXaE2iM5pOFbvOCClWA==",
      "dependencies": [
        "@jridgewell/set-array",
        "@jridgewell/sourcemap-codec",
        "@jridgewell/trace-mapping"
      ]
    },
    "@jridgewell/resolve-uri@3.1.2": {
      "integrity": "sha512-bRISgCIjP20/tbWSPWMEi54QVPRZExkuD9lJL+UIxUKtwVJA8wW1Trb1jMs1RFXo1CBTNZ/5hpC9QvmKWdopKw=="
    },
    "@jridgewell/set-array@1.2.1": {
      "integrity": "sha512-R8gLRTZeyp03ymzP/6Lil/28tGeGEzhx1q2k703KGWRAI1VdvPIXdG70VJc2pAMw3NA6JKL5hhFu1sJX0Mnn/A=="
    },
    "@jridgewell/sourcemap-codec@1.5.0": {
      "integrity": "sha512-gv3ZRaISU3fjPAgNsriBRqGWQL6quFx04YMPW/zD8XMLsU32mhCCbfbO6KZFLjvYpCZ8zyDEgqsgf+PwPaM7GQ=="
    },
    "@jridgewell/trace-mapping@0.3.25": {
      "integrity": "sha512-vNk6aEwybGtawWmy/PzwnGDOjCkLWSD2wqvjGGAgOAwCGWySYXfYoxt00IJkTF+8Lb57DwOb3Aa0o9CApepiYQ==",
      "dependencies": [
        "@jridgewell/resolve-uri",
        "@jridgewell/sourcemap-codec"
      ]
    },
    "@napi-rs/wasm-runtime@0.2.9": {
      "integrity": "sha512-OKRBiajrrxB9ATokgEQoG87Z25c67pCpYcCwmXYX8PBftC9pBfN18gnm/fh1wurSLEKIAt+QRFLFCQISrb66Jg==",
      "dependencies": [
        "@emnapi/core",
        "@emnapi/runtime",
        "@tybys/wasm-util"
      ]
    },
    "@oxc-project/types@0.67.0": {
      "integrity": "sha512-AI7inoYvnVro7b8S2Z+Fxi295xQvNKLP1CM/xzx5il4R3aiGgnFt9qiXaRo9vIutataX8AjHcaPnOsjdcItU0w=="
    },
    "@oxc-resolver/binding-darwin-arm64@9.0.2": {
      "integrity": "sha512-MVyRgP2gzJJtAowjG/cHN3VQXwNLWnY+FpOEsyvDepJki1SdAX/8XDijM1yN6ESD1kr9uhBKjGelC6h3qtT+rA==",
      "os": ["darwin"],
      "cpu": ["arm64"]
    },
    "@oxc-resolver/binding-darwin-x64@9.0.2": {
      "integrity": "sha512-7kV0EOFEZ3sk5Hjy4+bfA6XOQpCwbDiDkkHN4BHHyrBHsXxUR05EcEJPPL1WjItefg+9+8hrBmoK0xRoDs41+A==",
      "os": ["darwin"],
      "cpu": ["x64"]
    },
    "@oxc-resolver/binding-freebsd-x64@9.0.2": {
      "integrity": "sha512-6OvkEtRXrt8sJ4aVfxHRikjain9nV1clIsWtJ1J3J8NG1ZhjyJFgT00SCvqxbK+pzeWJq6XzHyTCN78ML+lY2w==",
      "os": ["freebsd"],
      "cpu": ["x64"]
    },
    "@oxc-resolver/binding-linux-arm-gnueabihf@9.0.2": {
      "integrity": "sha512-aYpNL6o5IRAUIdoweW21TyLt54Hy/ZS9tvzNzF6ya1ckOQ8DLaGVPjGpmzxdNja9j/bbV6aIzBH7lNcBtiOTkQ==",
      "os": ["linux"],
      "cpu": ["arm"]
    },
    "@oxc-resolver/binding-linux-arm64-gnu@9.0.2": {
      "integrity": "sha512-RGFW4vCfKMFEIzb9VCY0oWyyY9tR1/o+wDdNePhiUXZU4SVniRPQaZ1SJ0sUFI1k25pXZmzQmIP6cBmazi/Dew==",
      "os": ["linux"],
      "cpu": ["arm64"]
    },
    "@oxc-resolver/binding-linux-arm64-musl@9.0.2": {
      "integrity": "sha512-lxx/PibBfzqYvut2Y8N2D0Ritg9H8pKO+7NUSJb9YjR/bfk2KRmP8iaUz3zB0JhPtf/W3REs65oKpWxgflGToA==",
      "os": ["linux"],
      "cpu": ["arm64"]
    },
    "@oxc-resolver/binding-linux-riscv64-gnu@9.0.2": {
      "integrity": "sha512-yD28ptS/OuNhwkpXRPNf+/FvrO7lwURLsEbRVcL1kIE0GxNJNMtKgIE4xQvtKDzkhk6ZRpLho5VSrkkF+3ARTQ==",
      "os": ["linux"],
      "cpu": ["riscv64"]
    },
    "@oxc-resolver/binding-linux-s390x-gnu@9.0.2": {
      "integrity": "sha512-WBwEJdspoga2w+aly6JVZeHnxuPVuztw3fPfWrei2P6rNM5hcKxBGWKKT6zO1fPMCB4sdDkFohGKkMHVV1eryQ==",
      "os": ["linux"],
      "cpu": ["s390x"]
    },
    "@oxc-resolver/binding-linux-x64-gnu@9.0.2": {
      "integrity": "sha512-a2z3/cbOOTUq0UTBG8f3EO/usFcdwwXnCejfXv42HmV/G8GjrT4fp5+5mVDoMByH3Ce3iVPxj1LmS6OvItKMYQ==",
      "os": ["linux"],
      "cpu": ["x64"]
    },
    "@oxc-resolver/binding-linux-x64-musl@9.0.2": {
      "integrity": "sha512-bHZF+WShYQWpuswB9fyxcgMIWVk4sZQT0wnwpnZgQuvGTZLkYJ1JTCXJMtaX5mIFHf69ngvawnwPIUA4Feil0g==",
      "os": ["linux"],
      "cpu": ["x64"]
    },
    "@oxc-resolver/binding-wasm32-wasi@9.0.2": {
      "integrity": "sha512-I5cSgCCh5nFozGSHz+PjIOfrqW99eUszlxKLgoNNzQ1xQ2ou9ZJGzcZ94BHsM9SpyYHLtgHljmOZxCT9bgxYNA==",
      "dependencies": [
        "@napi-rs/wasm-runtime"
      ],
      "cpu": ["wasm32"]
    },
    "@oxc-resolver/binding-win32-arm64-msvc@9.0.2": {
      "integrity": "sha512-5IhoOpPr38YWDWRCA5kP30xlUxbIJyLAEsAK7EMyUgqygBHEYLkElaKGgS0X5jRXUQ6l5yNxuW73caogb2FYaw==",
      "os": ["win32"],
      "cpu": ["arm64"]
    },
    "@oxc-resolver/binding-win32-x64-msvc@9.0.2": {
      "integrity": "sha512-Qc40GDkaad9rZksSQr2l/V9UubigIHsW69g94Gswc2sKYB3XfJXfIfyV8WTJ67u6ZMXsZ7BH1msSC6Aen75mCg==",
      "os": ["win32"],
      "cpu": ["x64"]
    },
    "@oxc-transform/binding-darwin-arm64@0.67.0": {
      "integrity": "sha512-P3zBMhpOQceNSys3/ZqvrjuRvcIbVzfGFN/tH34HlVkOjOmfGK1mOWjORsGAZtbgh1muXrF6mQETLzFjfYndXQ==",
      "os": ["darwin"],
      "cpu": ["arm64"]
    },
    "@oxc-transform/binding-darwin-x64@0.67.0": {
      "integrity": "sha512-B52aeo/C3spYHcwFQ4nAbDkwbMKf0K6ncWM8GrVUgGu8PPECLBhjPCW11kPW/lt9FxwrdgVYVzPYlZ6wmJmpEA==",
      "os": ["darwin"],
      "cpu": ["x64"]
    },
    "@oxc-transform/binding-linux-arm-gnueabihf@0.67.0": {
      "integrity": "sha512-5Ir1eQrC9lvj/rR1TJVGwOR4yLgXTLmfKHIfpVH7GGSQrzK7VMUfHWX+dAsX1VutaeE8puXIqtYvf9cHLw78dw==",
      "os": ["linux"],
      "cpu": ["arm"]
    },
    "@oxc-transform/binding-linux-arm64-gnu@0.67.0": {
      "integrity": "sha512-zTqfPET5+hZfJ3/dMqJboKxrpXMXk+j2HVdvX0wVhW2MI7n7hwELl+In6Yu20nXuEyJkNQlWHbNPCUfpM+cBWw==",
      "os": ["linux"],
      "cpu": ["arm64"]
    },
    "@oxc-transform/binding-linux-arm64-musl@0.67.0": {
      "integrity": "sha512-jzz/ATUhZ8wetb4gm5GwzheZns3Qj1CZ+DIMmD8nBxQXszmTS/fqnAPpgzruyLqkXBUuUfF3pHv5f/UmuHReuQ==",
      "os": ["linux"],
      "cpu": ["arm64"]
    },
    "@oxc-transform/binding-linux-x64-gnu@0.67.0": {
      "integrity": "sha512-Qy2+tfglJ8yX6guC1EDAnuuzRZIXciXO9UwOewxyiahLxwuTpj/wvvZN3Cb1SA3c14zrwb2TNMZvaXS1/OS5Pg==",
      "os": ["linux"],
      "cpu": ["x64"]
    },
    "@oxc-transform/binding-linux-x64-musl@0.67.0": {
      "integrity": "sha512-tHoYgDIRhgvh+/wIrzAk3cUoj/LSSoJAdsZW9XRlaixFW/TF2puxRyaS1hRco0bcKTwotXl/eDYqZmhIfUyGRQ==",
      "os": ["linux"],
      "cpu": ["x64"]
    },
    "@oxc-transform/binding-wasm32-wasi@0.67.0": {
      "integrity": "sha512-ZPT+1HECf7WUnotodIuS8tvSkwaiCdC2DDw8HVRmlerbS6iPYIPKyBCvkSM4RyUx0kljZtB9AciLCkEbwy5/zA==",
      "dependencies": [
        "@napi-rs/wasm-runtime"
      ],
      "cpu": ["wasm32"]
    },
    "@oxc-transform/binding-win32-arm64-msvc@0.67.0": {
      "integrity": "sha512-+E3lOHCk4EuIk6IjshBAARknAUpgH+gHTtZxCPqK4AWYA+Tls2J6C0FVM48uZ4m3rZpAq8ZszM9JZVAkOaynBQ==",
      "os": ["win32"],
      "cpu": ["arm64"]
    },
    "@oxc-transform/binding-win32-x64-msvc@0.67.0": {
      "integrity": "sha512-3pIIFb9g5aFrAODTQVJYitq+ONHgDJ4IYk/7pk+jsG6JpKUkURd0auUlxvriO11fFit5hdwy+wIbU4kBvyRUkg==",
      "os": ["win32"],
      "cpu": ["x64"]
    },
    "@quansync/fs@0.1.3": {
      "integrity": "sha512-G0OnZbMWEs5LhDyqy2UL17vGhSVHkQIfVojMtEWVenvj0V5S84VBgy86kJIuNsGDp2p7sTKlpSIpBUWdC35OKg==",
      "dependencies": [
        "quansync"
      ]
    },
    "@rolldown/binding-darwin-arm64@1.0.0-beta.8-commit.852c603": {
      "integrity": "sha512-V0zbNPcyRVZFUUtCiJxXMuOYriszcgzc5wW5DUA5mHDlM0gDc1snsLzM245q5fGlSLmq+Rgerkclv0ZEjgHwDw==",
      "os": ["darwin"],
      "cpu": ["arm64"]
    },
    "@rolldown/binding-darwin-x64@1.0.0-beta.8-commit.852c603": {
      "integrity": "sha512-7RXXJo0U52YocMH/Bv829U3ZCXIL/+HhXme165HHflpg2flTk8dkk65Ft1lOtV80JNmUFwgfHYhvWeKz8j7qWQ==",
      "os": ["darwin"],
      "cpu": ["x64"]
    },
    "@rolldown/binding-freebsd-x64@1.0.0-beta.8-commit.852c603": {
      "integrity": "sha512-vQUshBpPMdvQUfERsyjo1iNcV7wwU65mKoCwlX0e2YFI9zqyxq+fOKUEGEVrxpz4dm0kmQ5/rPdDPZQ6TcodUA==",
      "os": ["freebsd"],
      "cpu": ["x64"]
    },
    "@rolldown/binding-linux-arm-gnueabihf@1.0.0-beta.8-commit.852c603": {
      "integrity": "sha512-MIeNUPb7qHB/X2Lh76Rk5cxXi0O0Cc3hRGPg8Mzwxkr5Ox5fbsJjjPHNE4g3es4VEt1NEjpZmo7XFyi1Szfbww==",
      "os": ["linux"],
      "cpu": ["arm"]
    },
    "@rolldown/binding-linux-arm64-gnu@1.0.0-beta.8-commit.852c603": {
      "integrity": "sha512-f9fNXp+yROAAC49aqAeSXMFcoqNlwIsmO5Spsp2ifdFb7XWSnD1EodoCC7xIjjswMvYKnHqfQbr6dP297kN2uw==",
      "os": ["linux"],
      "cpu": ["arm64"]
    },
    "@rolldown/binding-linux-arm64-musl@1.0.0-beta.8-commit.852c603": {
      "integrity": "sha512-08FSjitC8i7WWBI1DXacfhKZZ/TzjDg5uWi53aeppVWc2oT/x0TdlNVam9coU1Xs4ra6/pMe7wGroYWh/j4Lsg==",
      "os": ["linux"],
      "cpu": ["arm64"]
    },
    "@rolldown/binding-linux-x64-gnu@1.0.0-beta.8-commit.852c603": {
      "integrity": "sha512-NqoANlbIhYAR8ZnF8v1d8Kw8tsd0ObpVEqNxhELqcV5HKXTtlN9uwMNWWH2G953Yj3sqTdQZWVenwr7e/YchgA==",
      "os": ["linux"],
      "cpu": ["x64"]
    },
    "@rolldown/binding-linux-x64-musl@1.0.0-beta.8-commit.852c603": {
      "integrity": "sha512-ikpkqqurJsC1ijpY7vRP+qrg+7zP0JbpoMma5PyptfGeK7MQ0hhMUNr/NzMMrI11KJjkpRYJEyJ880pFknj0tQ==",
      "os": ["linux"],
      "cpu": ["x64"]
    },
    "@rolldown/binding-wasm32-wasi@1.0.0-beta.8-commit.852c603": {
      "integrity": "sha512-IwMWmxkI/I60iC6M7kIhyv7X1nx61JaaeseNHARXmU3ds0d0+Sck6YuJQH8o8I3AUzWGhltOcnUHwX97qG+KgA==",
      "dependencies": [
        "@napi-rs/wasm-runtime"
      ],
      "cpu": ["wasm32"]
    },
    "@rolldown/binding-win32-arm64-msvc@1.0.0-beta.8-commit.852c603": {
      "integrity": "sha512-mgHMApQ9Ygfd70I4tmlENrdf6kot/T1UTA//Z9R3/xbXiPXwVjdw/BnTe+7AXG9t0QHXsocNx/47dj48BDuqOQ==",
      "os": ["win32"],
      "cpu": ["arm64"]
    },
    "@rolldown/binding-win32-ia32-msvc@1.0.0-beta.8-commit.852c603": {
      "integrity": "sha512-pvv3FLLx2Mw2BL+YSAJeE+DNDjpRgk7oCsqf28e3sr7+zfv+VnOMxHHkJTjFzl3R8BA58OMG3C4J7Fv1SVkqbQ==",
      "os": ["win32"],
      "cpu": ["ia32"]
    },
    "@rolldown/binding-win32-x64-msvc@1.0.0-beta.8-commit.852c603": {
      "integrity": "sha512-4gv06TqlMp3IArfyznTOWopMY1ZBZLkE4QZKY+BnxPh8NuDngXrBoQeOauW6w0ZN/8cuTYqX03N+3Hu7t3dNGw==",
      "os": ["win32"],
      "cpu": ["x64"]
    },
    "@tybys/wasm-util@0.9.0": {
      "integrity": "sha512-6+7nlbMVX/PVDCwaIQ8nTOPveOcFLSt8GcXdx8hD0bt39uWxYT88uXzqTd4fTvqta7oeUJqudepapKNt2DYJFw==",
      "dependencies": [
        "tslib"
      ]
    },
    "@types/node@22.15.15": {
      "integrity": "sha512-R5muMcZob3/Jjchn5LcO8jdKwSCbzqmPB6ruBxMcf9kbxtniZHP327s6C37iOfuw8mbKK3cAQa7sEl7afLrQ8A==",
      "dependencies": [
        "undici-types"
      ]
    },
    "@types/node@22.15.17": {
      "integrity": "sha512-wIX2aSZL5FE+MR0JlvF87BNVrtFWf6AE6rxSE9X7OwnVvoyCQjpzSRJ+M87se/4QCkCiebQAqrJ0y6fwIyi7nw==",
      "dependencies": [
        "undici-types"
      ]
    },
    "@types/semver@7.7.0": {
      "integrity": "sha512-k107IF4+Xr7UHjwDc7Cfd6PRQfbdkiRabXGRjo07b4WyPahFBZCZ1sE+BNxYIJPPg73UkfOsVOLwqVc/6ETrIA=="
    },
    "@valibot/to-json-schema@1.0.0_valibot@1.0.0": {
      "integrity": "sha512-/9crJgPptVsGCL6X+JPDQyaJwkalSZ/52WuF8DiRUxJgcmpNdzYRfZ+gqMEP8W3CTVfuMWPqqvIgfwJ97f9Etw==",
      "dependencies": [
        "valibot"
      ]
    },
    "acorn@8.14.1": {
      "integrity": "sha512-OvQ/2pUDKmgfCg++xsTX1wGxfTaszcHVcTctW4UJB4hibJx2HXxxO5UmVgyjMa+ZDsiaf5wWLXYpRWMmBI0QHg==",
      "bin": true
    },
    "ansis@3.17.0": {
      "integrity": "sha512-0qWUglt9JEqLFr3w1I1pbrChn1grhaiAR2ocX1PP/flRmxgtwTzPFFFnfIlD6aMOLQZgSuCRlidD70lvx8yhzg=="
    },
    "ast-kit@1.4.3": {
      "integrity": "sha512-MdJqjpodkS5J149zN0Po+HPshkTdUyrvF7CKTafUgv69vBSPtncrj+3IiUgqdd7ElIEkbeXCsEouBUwLrw9Ilg==",
      "dependencies": [
        "@babel/parser",
        "pathe"
      ]
    },
    "cac@6.7.14": {
      "integrity": "sha512-b6Ilus+c3RrdDk+JhLKUAQfzzgLEPy6wcXqS7f/xe1EETvsDP6GORG7SFuOs6cID5YkqchW/LXZbX5bc8j7ZcQ=="
    },
    "chokidar@4.0.3": {
      "integrity": "sha512-Qgzu8kfBvo+cA4962jnP1KkS6Dop5NS6g7R5LFYJr4b8Ub94PPQXUksCw9PvXoeXPRRddRNC5C1JQUR2SMGtnA==",
      "dependencies": [
        "readdirp"
      ]
    },
    "consola@3.4.2": {
      "integrity": "sha512-5IKcdX0nnYavi6G7TtOhwkYzyjfJlatbjMjuLSfE2kYT5pMDOilZ4OvMhi637CcDICTmz3wARPoyhqyX1Y+XvA=="
    },
    "debug@4.4.0": {
      "integrity": "sha512-6WTZ/IxCY/T6BALoZHaE4ctp9xm+Z5kY/pzYaCHRFeyVhojxlrm+46y68HA6hr0TcwEssoxNiDEUJQjfPZ/RYA==",
      "dependencies": [
        "ms"
      ]
    },
    "defu@6.1.4": {
      "integrity": "sha512-mEQCMmwJu317oSz8CwdIOdwf3xMif1ttiM8LTufzc3g6kR+9Pe236twL8j3IYT1F7GfRgGcW6MWxzZjLIkuHIg=="
    },
    "detect-libc@2.0.4": {
      "integrity": "sha512-3UDv+G9CsCKO1WKMGw9fwq/SWJYbI0c5Y7LU1AXYoDdbhE2AHQ6N6Nb34sG8Fj7T5APy8qXDCKuuIHd1BR0tVA=="
    },
    "diff@7.0.0": {
      "integrity": "sha512-PJWHUb1RFevKCwaFA9RlG5tCd+FO5iRh9A8HEtkmBH2Li03iJriB6m6JIN4rGz3K3JLawI7/veA1xzRKP6ISBw=="
    },
    "dts-resolver@1.2.0": {
      "integrity": "sha512-+xNF7raXYI1E3IFB+f3JqvoKYFI8R+1Mh9mpI75yNm3F5XuiC6ErEXe2Lqh9ach+4MQ1tOefzjxulhWGVclYbg==",
      "dependencies": [
        "oxc-resolver",
        "pathe"
      ]
    },
    "empathic@1.1.0": {
      "integrity": "sha512-rsPft6CK3eHtrlp9Y5ALBb+hfK+DWnA4WFebbazxjWyx8vSm3rZeoM3z9irsjcqO3PYRzlfv27XIB4tz2DV7RA=="
    },
    "fdir@6.4.4_picomatch@4.0.2": {
      "integrity": "sha512-1NZP+GK4GfuAv3PqKvxQRDMjdSRZjnkq7KfhlNrCNNlZ0ygQFpebfrnfnq/W7fpUnAv9aGWmY1zKx7FYL3gwhg==",
      "dependencies": [
        "picomatch"
      ],
      "optionalPeers": [
        "picomatch"
      ]
    },
    "get-tsconfig@4.10.0": {
      "integrity": "sha512-kGzZ3LWWQcGIAmg6iWvXn0ei6WDtV26wzHRMwDSzmAbcXrTEXxHy6IehI6/4eT6VRKyMP1eF1VqwrVUmE/LR7A==",
      "dependencies": [
        "resolve-pkg-maps"
      ]
    },
    "hookable@5.5.3": {
      "integrity": "sha512-Yc+BQe8SvoXH1643Qez1zqLRmbA5rCL+sSmk6TVos0LWVfNIB7PGncdlId77WzLGSIB5KaWgTaNTs2lNVEI6VQ=="
    },
    "jiti@2.4.2": {
      "integrity": "sha512-rg9zJN+G4n2nfJl5MW3BMygZX56zKPNVEYYqq7adpmMh4Jn2QNEwhvQlFy6jPVdcod7txZtKHWnyZiA3a0zP7A==",
      "bin": true
    },
    "jsesc@3.1.0": {
      "integrity": "sha512-/sM3dO2FOzXjKQhJuo0Q173wf2KOo8t4I8vHy6lF9poUp7bKT0/NHE8fPX23PwfhnykfqnC2xRxOnVw5XuGIaA==",
      "bin": true
    },
    "lightningcss-darwin-arm64@1.30.0": {
      "integrity": "sha512-L9lhvW4rTHL6vaG1WU3Itj0ivtdBuwu7ufrKEbijRCPhS1pt1haXEXI8h9g73qCQsOaYs1GCc9chvSgxPmhpRA==",
      "os": ["darwin"],
      "cpu": ["arm64"]
    },
    "lightningcss-darwin-x64@1.30.0": {
      "integrity": "sha512-+qNst+L3GGwG5LypEFTmDUOtNarQVh717Enk4AfmKfwlTrKCSe9kAiPyK7ces269a+f0jNSa8Uww8WwGFXzt8w==",
      "os": ["darwin"],
      "cpu": ["x64"]
    },
    "lightningcss-freebsd-x64@1.30.0": {
      "integrity": "sha512-/sfAWALScgggjjk5ZlmGdpFELwGPIwzAdfcBJcT6UTgQoDHzQ4aP41XTq3N4LL01U9dsJp6uAvCvmHX7snqTdg==",
      "os": ["freebsd"],
      "cpu": ["x64"]
    },
    "lightningcss-linux-arm-gnueabihf@1.30.0": {
      "integrity": "sha512-3B5val/f61unLgfZHEfkZGzunlyyL76l8xRoxFx+G0uwxK7rvaFcnkyf6k4Zto2STVj05FsLs+aTZoTqslPaug==",
      "os": ["linux"],
      "cpu": ["arm"]
    },
    "lightningcss-linux-arm64-gnu@1.30.0": {
      "integrity": "sha512-Q45+fvm7eAAmorsEzc1ZBwajGnXDocB/nRaSldpHQa36QbP93GrzmBqfSdi2pEks2yXMxST4yznio24Q6en7Sg==",
      "os": ["linux"],
      "cpu": ["arm64"]
    },
    "lightningcss-linux-arm64-musl@1.30.0": {
      "integrity": "sha512-RNZNW/AyKax8wWR4xMKoyAb40dqhzOtnAw4knjbyxJUUEL0wzBEXO3k44AS3UFRjxTyd/s46adVQXxE/vOaSgg==",
      "os": ["linux"],
      "cpu": ["arm64"]
    },
    "lightningcss-linux-x64-gnu@1.30.0": {
      "integrity": "sha512-ExVnSepsAyQb547i7SvPhS0SrgIDUjA1dYTT0DNFt/YsqfKhkxg405VDtMoV2MQGAyoEQIub+YK5NQo9Lw7IzQ==",
      "os": ["linux"],
      "cpu": ["x64"]
    },
    "lightningcss-linux-x64-musl@1.30.0": {
      "integrity": "sha512-e/nHeX5SAEcfAzyLob5H1Jhm8uHLKwpOIHzcURKnXTMFdBqIDOsETMhmcB5AGDqsr6Q5D9u0QVswDdRo+btSgg==",
      "os": ["linux"],
      "cpu": ["x64"]
    },
    "lightningcss-win32-arm64-msvc@1.30.0": {
      "integrity": "sha512-Fd9XejM6GPHx5rv7I8aqsc8mBHs+TpHEVDalP5PVP986tF6rmiVfwQzM2Ic4Cn0rXbS3z95Ru8x50hnzfR2GDA==",
      "os": ["win32"],
      "cpu": ["arm64"]
    },
    "lightningcss-win32-x64-msvc@1.30.0": {
      "integrity": "sha512-2BhpVDbNa+HpXPu63EYfcsL2TCBKLeuMckx4d6UZCzaj1KVuSRXi6r7H3rUeaADuX5NB/BT2smP4HI3s6I1/Ag==",
      "os": ["win32"],
      "cpu": ["x64"]
    },
    "lightningcss@1.30.0": {
      "integrity": "sha512-uuurN2onfoNwQtaWnX9UYLz6DlZHnUd88SceOXDAQzQ5+FJ+ELPgcC/EVtRJoFOveXe44zRE+foh2KMD/vQxqQ==",
      "dependencies": [
        "detect-libc"
      ],
      "optionalDependencies": [
        "lightningcss-darwin-arm64",
        "lightningcss-darwin-x64",
        "lightningcss-freebsd-x64",
        "lightningcss-linux-arm-gnueabihf",
        "lightningcss-linux-arm64-gnu",
        "lightningcss-linux-arm64-musl",
        "lightningcss-linux-x64-gnu",
        "lightningcss-linux-x64-musl",
        "lightningcss-win32-arm64-msvc",
        "lightningcss-win32-x64-msvc"
      ]
    },
    "magic-string@0.30.17": {
      "integrity": "sha512-sNPKHvyjVf7gyjwS4xGTaW/mCnF8wnjtifKBEhxfZ7E/S8tQ0rssrwGNn6q8JH/ohItJfSQp9mBtQYuTlH5QnA==",
      "dependencies": [
        "@jridgewell/sourcemap-codec"
      ]
    },
    "ms@2.1.3": {
      "integrity": "sha512-6FlzubTLZG3J2a/NVCAleEhjzq5oxgHyaCU9yYXvcLsvoVaHJq/s5xXI6/XXP6tz7R9xAOtHnSO/tXtF3WRTlA=="
    },
    "oxc-resolver@9.0.2": {
      "integrity": "sha512-w838ygc1p7rF+7+h5vR9A+Y9Fc4imy6C3xPthCMkdFUgFvUWkmABeNB8RBDQ6+afk44Q60/UMMQ+gfDUW99fBA==",
      "optionalDependencies": [
        "@oxc-resolver/binding-darwin-arm64",
        "@oxc-resolver/binding-darwin-x64",
        "@oxc-resolver/binding-freebsd-x64",
        "@oxc-resolver/binding-linux-arm-gnueabihf",
        "@oxc-resolver/binding-linux-arm64-gnu",
        "@oxc-resolver/binding-linux-arm64-musl",
        "@oxc-resolver/binding-linux-riscv64-gnu",
        "@oxc-resolver/binding-linux-s390x-gnu",
        "@oxc-resolver/binding-linux-x64-gnu",
        "@oxc-resolver/binding-linux-x64-musl",
        "@oxc-resolver/binding-wasm32-wasi",
        "@oxc-resolver/binding-win32-arm64-msvc",
        "@oxc-resolver/binding-win32-x64-msvc"
      ]
    },
    "oxc-transform@0.67.0": {
      "integrity": "sha512-QXwmpLfNrXZoHgIjEtDEf6lhwmvHouNtstNgg/UveczVIjo8VSzd5h25Ea96PoX9KzReJUY/qYa4QSNkJpZGfA==",
      "optionalDependencies": [
        "@oxc-transform/binding-darwin-arm64",
        "@oxc-transform/binding-darwin-x64",
        "@oxc-transform/binding-linux-arm-gnueabihf",
        "@oxc-transform/binding-linux-arm64-gnu",
        "@oxc-transform/binding-linux-arm64-musl",
        "@oxc-transform/binding-linux-x64-gnu",
        "@oxc-transform/binding-linux-x64-musl",
        "@oxc-transform/binding-wasm32-wasi",
        "@oxc-transform/binding-win32-arm64-msvc",
        "@oxc-transform/binding-win32-x64-msvc"
      ]
    },
    "pathe@2.0.3": {
      "integrity": "sha512-WUjGcAqP1gQacoQe+OBJsFA7Ld4DyXuUIjZ5cc75cLHvJ7dtNsTugphxIADwspS+AraAUePCKrSVtPLFj/F88w=="
    },
    "picomatch@4.0.2": {
      "integrity": "sha512-M7BAV6Rlcy5u+m6oPhAPFgJTzAioX/6B0DxyvDlo9l8+T3nLKbrczg2WLUyzd45L8RqfUMyGPzekbMvX2Ldkwg=="
    },
    "quansync@0.2.10": {
      "integrity": "sha512-t41VRkMYbkHyCYmOvx/6URnN80H7k4X0lLdBMGsz+maAwrJQYB1djpV6vHrQIBE0WBSGqhtEHrK9U3DWWH8v7A=="
    },
    "readdirp@4.1.2": {
      "integrity": "sha512-GDhwkLfywWL2s6vEjyhri+eXmfH6j1L7JE27WhqLeYzoh/A3DBaYGEj2H/HFZCn/kMfim73FXxEJTw06WtxQwg=="
    },
    "resolve-pkg-maps@1.0.0": {
      "integrity": "sha512-seS2Tj26TBVOC2NIc2rOe2y2ZO7efxITtLZcGSOnHHNOQ7CkiUBfw0Iw2ck6xkIhPwLhKNLS8BO+hEpngQlqzw=="
    },
    "rolldown-plugin-dts@0.9.11_rolldown@1.0.0-beta.8-commit.852c603__valibot@1.0.0": {
      "integrity": "sha512-iCIRKmvPLwRV4UKSxhaBo+5wDkvc3+MFiqYYvu7sGLSohzxoDn9WEsjN3y7A6xg3aCuxHh6rlRp8xbX98r1rSg==",
      "dependencies": [
        "@babel/generator",
        "@babel/parser",
        "@babel/types",
        "ast-kit",
        "debug",
        "dts-resolver",
        "get-tsconfig",
        "oxc-transform",
        "rolldown"
      ]
    },
    "rolldown@1.0.0-beta.8-commit.852c603_valibot@1.0.0": {
      "integrity": "sha512-5sq8IPiJ8q/IlL084zf8fPhflsdNrKE7gwXma7m820u8oQtkAEmhb8cmHw6jztlidgOe3hpUIm55HevPmVRelQ==",
      "dependencies": [
        "@oxc-project/types",
        "@valibot/to-json-schema",
        "ansis",
        "valibot"
      ],
      "optionalDependencies": [
        "@rolldown/binding-darwin-arm64",
        "@rolldown/binding-darwin-x64",
        "@rolldown/binding-freebsd-x64",
        "@rolldown/binding-linux-arm-gnueabihf",
        "@rolldown/binding-linux-arm64-gnu",
        "@rolldown/binding-linux-arm64-musl",
        "@rolldown/binding-linux-x64-gnu",
        "@rolldown/binding-linux-x64-musl",
        "@rolldown/binding-wasm32-wasi",
        "@rolldown/binding-win32-arm64-msvc",
        "@rolldown/binding-win32-ia32-msvc",
        "@rolldown/binding-win32-x64-msvc"
      ],
      "bin": true
    },
    "semver@6.3.1": {
      "integrity": "sha512-BR7VvDCVHO+q2xBEWskxS6DJE1qRnb7DxzUrogb71CWoSficBxYsiAGd+Kl0mmq/MprG9yArRkyrQxTO6XjMzA==",
      "bin": true
    },
    "semver@7.7.1": {
      "integrity": "sha512-hlq8tAfn0m/61p4BVRcPzIGr6LKiMwo4VM6dGi6pt4qcRkmNzTcWq6eCEjEh+qXjkMDvPlOFFSGwQjoEa6gyMA==",
      "bin": true
    },
    "tinyexec@1.0.1": {
      "integrity": "sha512-5uC6DDlmeqiOwCPmK9jMSdOuZTh8bU39Ys6yidB+UTt5hfZUPGAypSgFRiEp+jbi9qH40BLDvy85jIU88wKSqw=="
    },
    "tinyglobby@0.2.13_picomatch@4.0.2": {
      "integrity": "sha512-mEwzpUgrLySlveBwEVDMKk5B57bhLPYovRfPAXD5gA/98Opn0rCDj3GtLwFvCvH5RK9uPCExUROW5NjDwvqkxw==",
      "dependencies": [
        "fdir",
        "picomatch"
      ]
    },
    "tsdown@0.10.1_rolldown@1.0.0-beta.8-commit.852c603__valibot@1.0.0": {
      "integrity": "sha512-NT1XSUDweBpgpiZb3Upfy3DBwAbn8W0aXo3Ecp4kHozTLewWa0UkWUP6nRTvSj2c0NcD/BLLuf0HthqMpbEdkA==",
      "dependencies": [
        "ansis",
        "cac",
        "chokidar",
        "consola",
        "debug",
        "diff",
        "empathic",
        "hookable",
        "lightningcss",
        "rolldown",
        "rolldown-plugin-dts",
        "tinyexec",
        "tinyglobby",
        "unconfig",
        "unplugin-lightningcss"
      ],
      "bin": true
    },
    "tslib@2.8.1": {
      "integrity": "sha512-oJFu94HQb+KVduSUQL7wnpmqnfmLsOA/nAh6b6EH0wCEoK0/mPeXU6c3wKDV83MkOuHPRHtSXKKU99IBazS/2w=="
    },
    "tunnel@0.0.6": {
      "integrity": "sha512-1h/Lnq9yajKY2PEbBadPXj3VxsDDu844OnaAo52UVmIzIvwwtBPIuNvkjuzBlTWpfJyUbG3ez0KSBibQkj4ojg=="
    },
    "unconfig@7.3.2": {
      "integrity": "sha512-nqG5NNL2wFVGZ0NA/aCFw0oJ2pxSf1lwg4Z5ill8wd7K4KX/rQbHlwbh+bjctXL5Ly1xtzHenHGOK0b+lG6JVg==",
      "dependencies": [
        "@quansync/fs",
        "defu",
        "jiti",
        "quansync"
      ]
    },
    "undici-types@6.21.0": {
      "integrity": "sha512-iwDZqg0QAGrg9Rav5H4n0M64c3mkR59cJ6wQp+7C4nI0gsmExaedaYLNO44eT4AtBBwjbTiGPMlt2Md0T9H9JQ=="
    },
    "undici@5.29.0": {
      "integrity": "sha512-raqeBD6NQK4SkWhQzeYKd1KmIG6dllBOTt55Rmkt4HtI9mwdWtJljnrXjAFUBLTSN67HWrOIZ3EPF4kjUw80Bg==",
      "dependencies": [
        "@fastify/busboy"
      ]
    },
    "undici@7.9.0": {
      "integrity": "sha512-e696y354tf5cFZPXsF26Yg+5M63+5H3oE6Vtkh2oqbvsE2Oe7s2nIbcQh5lmG7Lp/eS29vJtTpw9+p6PX0qNSg=="
    },
    "unplugin-lightningcss@0.3.3": {
      "integrity": "sha512-mMNRCNIcxc/3410w7sJdXcPxn0IGZdEpq42OBDyckdGkhOeWYZCG9RkHs72TFyBsS82a4agFDOFU8VrFKF2ZvA==",
      "dependencies": [
        "lightningcss",
        "magic-string",
        "unplugin"
      ]
    },
    "unplugin@2.3.3": {
      "integrity": "sha512-DN4DgiS13HFrAapoRmmoa9B35QzmQVRH2k58HelO28htXVNEEFZ8CGlZL0aRHXOXtz9McwY6lqaZjcc15uWMow==",
      "dependencies": [
        "acorn",
        "picomatch",
        "webpack-virtual-modules"
      ]
    },
    "valibot@1.0.0": {
      "integrity": "sha512-1Hc0ihzWxBar6NGeZv7fPLY0QuxFMyxwYR2sF1Blu7Wq7EnremwY2W02tit2ij2VJT8HcSkHAQqmFfl77f73Yw=="
    },
    "webpack-virtual-modules@0.6.2": {
      "integrity": "sha512-66/V2i5hQanC51vBQKPH4aI8NMAcBW59FVBs+rC7eGHupMyfn34q7rZIE+ETlJ+XTevqfUhVVBgSUNSW2flEUQ=="
    }
  },
  "workspace": {
    "dependencies": [
      "npm:@actions/core@^1.11.1",
      "npm:@actions/tool-cache@^2.0.2",
      "npm:@types/node@^22.15.0",
      "npm:@types/semver@^7.7.0",
      "npm:semver@^7.7.1",
      "npm:tsdown@0.10.1",
      "npm:undici@^7.8.0"
    ]
  }
}
